PODS:
  - Alamofire (5.4.1)
  - BetterSegmentedControl (1.3.0)
  - Charts (3.6.0):
    - Charts/Core (= 3.6.0)
  - Charts/Core (3.6.0)
  - CryptoSwift (1.4.0)
  - Firebase/Core (7.9.0):
    - Firebase/CoreOnly
    - FirebaseAnalytics (~> 7.9.0)
  - Firebase/CoreOnly (7.9.0):
    - FirebaseCore (= 7.9.0)
  - Firebase/Crashlytics (7.9.0):
    - Firebase/CoreOnly
    - FirebaseCrashlytics (~> 7.9.0)
  - FirebaseAnalytics (7.9.0):
    - FirebaseCore (~> 7.0)
    - FirebaseInstallations (~> 7.0)
    - GoogleAppMeasurement (= 7.9.0)
    - GoogleUtilities/AppDelegateSwizzler (~> 7.0)
    - GoogleUtilities/MethodSwizzler (~> 7.0)
    - GoogleUtilities/Network (~> 7.0)
    - "GoogleUtilities/NSData+zlib (~> 7.0)"
    - nanopb (~> 2.30907.0)
  - FirebaseCore (7.9.0):
    - FirebaseCoreDiagnostics (~> 7.4)
    - GoogleUtilities/Environment (~> 7.0)
    - GoogleUtilities/Logger (~> 7.0)
  - FirebaseCoreDiagnostics (7.9.0):
    - GoogleDataTransport (~> 8.0)
    - GoogleUtilities/Environment (~> 7.0)
    - GoogleUtilities/Logger (~> 7.0)
    - nanopb (~> 2.30907.0)
  - FirebaseCrashlytics (7.9.0):
    - FirebaseCore (~> 7.0)
    - FirebaseInstallations (~> 7.0)
    - GoogleDataTransport (~> 8.0)
    - nanopb (~> 2.30907.0)
    - PromisesObjC (~> 1.2)
  - FirebaseInstallations (7.9.0):
    - FirebaseCore (~> 7.0)
    - GoogleUtilities/Environment (~> 7.0)
    - GoogleUtilities/UserDefaults (~> 7.0)
    - PromisesObjC (~> 1.2)
  - GoogleAppMeasurement (7.9.0):
    - GoogleUtilities/AppDelegateSwizzler (~> 7.0)
    - GoogleUtilities/MethodSwizzler (~> 7.0)
    - GoogleUtilities/Network (~> 7.0)
    - "GoogleUtilities/NSData+zlib (~> 7.0)"
    - nanopb (~> 2.30907.0)
  - GoogleDataTransport (8.3.0):
    - GoogleUtilities/Environment (~> 7.2)
    - nanopb (~> 2.30907.0)
    - PromisesObjC (~> 1.2)
  - GoogleUtilities/AppDelegateSwizzler (7.3.1):
    - GoogleUtilities/Environment
    - GoogleUtilities/Logger
    - GoogleUtilities/Network
  - GoogleUtilities/Environment (7.3.1):
    - PromisesObjC (~> 1.2)
  - GoogleUtilities/Logger (7.3.1):
    - GoogleUtilities/Environment
  - GoogleUtilities/MethodSwizzler (7.3.1):
    - GoogleUtilities/Logger
  - GoogleUtilities/Network (7.3.1):
    - GoogleUtilities/Logger
    - "GoogleUtilities/NSData+zlib"
    - GoogleUtilities/Reachability
  - "GoogleUtilities/NSData+zlib (7.3.1)"
  - GoogleUtilities/Reachability (7.3.1):
    - GoogleUtilities/Logger
  - GoogleUtilities/UserDefaults (7.3.1):
    - GoogleUtilities/Logger
  - KeychainAccess (4.2.2)
  - Kingfisher (5.15.8):
    - Kingfisher/Core (= 5.15.8)
  - Kingfisher/Core (5.15.8)
  - lottie-ios (3.2.1)
  - Macaroon/Banner (0.1.0):
    - Macaroon/Concurrency
  - Macaroon/BottomOverlay (0.1.0)
  - Macaroon/BottomSheet (0.1.0)
  - Macaroon/Concurrency (0.1.0)
  - Macaroon/Core (0.1.0):
    - Macaroon/Core/App (= 0.1.0)
    - Macaroon/Core/Error (= 0.1.0)
    - Macaroon/Core/Managers (= 0.1.0)
    - Macaroon/Core/Screens (= 0.1.0)
    - Macaroon/Core/Utils (= 0.1.0)
    - Macaroon/Core/Views (= 0.1.0)
    - SnapKit (~> 5.0.0)
  - Macaroon/Core/App (0.1.0):
    - Macaroon/Core/App/Dependencies (= 0.1.0)
    - Macaroon/Core/App/Launching (= 0.1.0)
    - Macaroon/Core/App/Routing (= 0.1.0)
    - Macaroon/Core/App/Target (= 0.1.0)
    - SnapKit (~> 5.0.0)
  - Macaroon/Core/App/Dependencies (0.1.0):
    - SnapKit (~> 5.0.0)
  - Macaroon/Core/App/Launching (0.1.0):
    - SnapKit (~> 5.0.0)
  - Macaroon/Core/App/Routing (0.1.0):
    - Macaroon/Core/App/Routing/Deeplink (= 0.1.0)
    - Macaroon/Core/App/Routing/Transition (= 0.1.0)
    - SnapKit (~> 5.0.0)
  - Macaroon/Core/App/Routing/Deeplink (0.1.0):
    - SnapKit (~> 5.0.0)
  - Macaroon/Core/App/Routing/Transition (0.1.0):
    - SnapKit (~> 5.0.0)
  - Macaroon/Core/App/Target (0.1.0):
    - SnapKit (~> 5.0.0)
  - Macaroon/Core/Error (0.1.0):
    - SnapKit (~> 5.0.0)
  - Macaroon/Core/Managers (0.1.0):
    - Macaroon/Core/Managers/Loading (= 0.1.0)
    - SnapKit (~> 5.0.0)
  - Macaroon/Core/Managers/Loading (0.1.0):
    - SnapKit (~> 5.0.0)
  - Macaroon/Core/Screens (0.1.0):
    - Macaroon/Core/Screens/Configuration (= 0.1.0)
    - Macaroon/Core/Screens/Containers (= 0.1.0)
    - Macaroon/Core/Screens/CustomTransition (= 0.1.0)
    - Macaroon/Core/Screens/List (= 0.1.0)
    - Macaroon/Core/Screens/Other (= 0.1.0)
    - SnapKit (~> 5.0.0)
  - Macaroon/Core/Screens/Configuration (0.1.0):
    - Macaroon/Core/Screens/Configuration/NavigationBar (= 0.1.0)
    - Macaroon/Core/Screens/Configuration/StatusBar (= 0.1.0)
    - SnapKit (~> 5.0.0)
  - Macaroon/Core/Screens/Configuration/NavigationBar (0.1.0):
    - SnapKit (~> 5.0.0)
  - Macaroon/Core/Screens/Configuration/StatusBar (0.1.0):
    - SnapKit (~> 5.0.0)
  - Macaroon/Core/Screens/Containers (0.1.0):
    - SnapKit (~> 5.0.0)
  - Macaroon/Core/Screens/CustomTransition (0.1.0):
    - Macaroon/Core/Screens/CustomTransition/Modal (= 0.1.0)
    - SnapKit (~> 5.0.0)
  - Macaroon/Core/Screens/CustomTransition/Modal (0.1.0):
    - SnapKit (~> 5.0.0)
  - Macaroon/Core/Screens/List (0.1.0):
    - Macaroon/Core/Screens/List/Configuration (= 0.1.0)
    - Macaroon/Core/Screens/List/ListLayouts (= 0.1.0)
    - SnapKit (~> 5.0.0)
  - Macaroon/Core/Screens/List/Configuration (0.1.0):
    - SnapKit (~> 5.0.0)
  - Macaroon/Core/Screens/List/ListLayouts (0.1.0):
    - SnapKit (~> 5.0.0)
  - Macaroon/Core/Screens/Other (0.1.0):
    - SnapKit (~> 5.0.0)
  - Macaroon/Core/Utils (0.1.0):
    - Macaroon/Core/Utils/DataStructures (= 0.1.0)
    - Macaroon/Core/Utils/Debugging (= 0.1.0)
    - Macaroon/Core/Utils/Extensions (= 0.1.0)
    - Macaroon/Core/Utils/Gestures (= 0.1.0)
    - Macaroon/Core/Utils/Image (= 0.1.0)
    - Macaroon/Core/Utils/List (= 0.1.0)
    - Macaroon/Core/Utils/Notification (= 0.1.0)
    - Macaroon/Core/Utils/Performance (= 0.1.0)
    - Macaroon/Core/Utils/Text (= 0.1.0)
    - Macaroon/Core/Utils/Time (= 0.1.0)
    - SnapKit (~> 5.0.0)
  - Macaroon/Core/Utils/DataStructures (0.1.0):
    - SnapKit (~> 5.0.0)
  - Macaroon/Core/Utils/Debugging (0.1.0):
    - SnapKit (~> 5.0.0)
  - Macaroon/Core/Utils/Extensions (0.1.0):
    - Macaroon/Core/Utils/Extensions/Foundation (= 0.1.0)
    - Macaroon/Core/Utils/Extensions/UI (= 0.1.0)
    - SnapKit (~> 5.0.0)
  - Macaroon/Core/Utils/Extensions/Foundation (0.1.0):
    - SnapKit (~> 5.0.0)
  - Macaroon/Core/Utils/Extensions/UI (0.1.0):
    - SnapKit (~> 5.0.0)
  - Macaroon/Core/Utils/Gestures (0.1.0):
    - SnapKit (~> 5.0.0)
  - Macaroon/Core/Utils/Image (0.1.0):
    - SnapKit (~> 5.0.0)
  - Macaroon/Core/Utils/List (0.1.0):
    - SnapKit (~> 5.0.0)
  - Macaroon/Core/Utils/Notification (0.1.0):
    - SnapKit (~> 5.0.0)
  - Macaroon/Core/Utils/Performance (0.1.0):
    - SnapKit (~> 5.0.0)
  - Macaroon/Core/Utils/Text (0.1.0):
    - Macaroon/Core/Utils/Text/Attributed (= 0.1.0)
    - SnapKit (~> 5.0.0)
  - Macaroon/Core/Utils/Text/Attributed (0.1.0):
    - SnapKit (~> 5.0.0)
  - Macaroon/Core/Utils/Time (0.1.0):
    - SnapKit (~> 5.0.0)
  - Macaroon/Core/Views (0.1.0):
    - Macaroon/Core/Views/BaseComponents (= 0.1.0)
    - Macaroon/Core/Views/Components (= 0.1.0)
    - Macaroon/Core/Views/Configuration (= 0.1.0)
    - Macaroon/Core/Views/ListComponents (= 0.1.0)
    - SnapKit (~> 5.0.0)
  - Macaroon/Core/Views/BaseComponents (0.1.0):
    - SnapKit (~> 5.0.0)
  - Macaroon/Core/Views/Components (0.1.0):
    - Macaroon/Core/Views/Components/EmptyStateView (= 0.1.0)
    - Macaroon/Core/Views/Components/SegmentedControl (= 0.1.0)
    - SnapKit (~> 5.0.0)
  - Macaroon/Core/Views/Components/EmptyStateView (0.1.0):
    - SnapKit (~> 5.0.0)
  - Macaroon/Core/Views/Components/SegmentedControl (0.1.0):
    - SnapKit (~> 5.0.0)
  - Macaroon/Core/Views/Configuration (0.1.0):
    - Macaroon/Core/Views/Configuration/Data (= 0.1.0)
    - Macaroon/Core/Views/Configuration/Layout (= 0.1.0)
    - Macaroon/Core/Views/Configuration/Styling (= 0.1.0)
    - SnapKit (~> 5.0.0)
  - Macaroon/Core/Views/Configuration/Data (0.1.0):
    - SnapKit (~> 5.0.0)
  - Macaroon/Core/Views/Configuration/Layout (0.1.0):
    - SnapKit (~> 5.0.0)
  - Macaroon/Core/Views/Configuration/Styling (0.1.0):
    - Macaroon/Core/Views/Configuration/Styling/Customizables (= 0.1.0)
    - Macaroon/Core/Views/Configuration/Styling/Drawables (= 0.1.0)
    - Macaroon/Core/Views/Configuration/Styling/StyleElements (= 0.1.0)
    - Macaroon/Core/Views/Configuration/Styling/Styles (= 0.1.0)
    - SnapKit (~> 5.0.0)
  - Macaroon/Core/Views/Configuration/Styling/Customizables (0.1.0):
    - SnapKit (~> 5.0.0)
  - Macaroon/Core/Views/Configuration/Styling/Drawables (0.1.0):
    - SnapKit (~> 5.0.0)
  - Macaroon/Core/Views/Configuration/Styling/StyleElements (0.1.0):
    - SnapKit (~> 5.0.0)
  - Macaroon/Core/Views/Configuration/Styling/Styles (0.1.0):
    - SnapKit (~> 5.0.0)
  - Macaroon/Core/Views/ListComponents (0.1.0):
    - SnapKit (~> 5.0.0)
  - Macaroon/MediaPicker (0.1.0)
  - Macaroon/URLImage (0.1.0):
    - Kingfisher (~> 5.0)
    - Macaroon/URLImage/Utils (= 0.1.0)
    - Macaroon/URLImage/ViewModels (= 0.1.0)
    - Macaroon/URLImage/Views (= 0.1.0)
  - Macaroon/URLImage/Utils (0.1.0):
    - Kingfisher (~> 5.0)
    - Macaroon/URLImage/Utils/Extensions (= 0.1.0)
    - Macaroon/URLImage/Utils/Properties (= 0.1.0)
  - Macaroon/URLImage/Utils/Extensions (0.1.0):
    - Kingfisher (~> 5.0)
  - Macaroon/URLImage/Utils/Properties (0.1.0):
    - Kingfisher (~> 5.0)
  - Macaroon/URLImage/ViewModels (0.1.0):
    - Kingfisher (~> 5.0)
  - Macaroon/URLImage/Views (0.1.0):
    - Kingfisher (~> 5.0)
    - Macaroon/URLImage/Views/URLImagePlaceholderView (= 0.1.0)
    - Macaroon/URLImage/Views/URLImageView (= 0.1.0)
  - Macaroon/URLImage/Views/URLImagePlaceholderView (0.1.0):
    - Kingfisher (~> 5.0)
  - Macaroon/URLImage/Views/URLImageView (0.1.0):
    - Kingfisher (~> 5.0)
  - Magpie/Alamofire (2.0.5):
    - Alamofire (~> 5.2)
    - Magpie/Core
  - Magpie/Core (2.0.5):
    - Magpie/HIPUtils
  - Magpie/HIPAPI (2.0.5):
    - Magpie/Alamofire
    - Magpie/HIPExceptions
    - Valet (~> 4.1)
  - Magpie/HIPExceptions (2.0.5):
    - Magpie/HIPUtils
  - Magpie/HIPUtils (2.0.5)
  - MarqueeLabel (4.0.5)
  - nanopb (2.30907.0):
    - nanopb/decode (= 2.30907.0)
    - nanopb/encode (= 2.30907.0)
  - nanopb/decode (2.30907.0)
  - nanopb/encode (2.30907.0)
  - NotificationBannerSwift (3.0.6):
    - MarqueeLabel (~> 4.0.5)
    - SnapKit (~> 5.0.1)
  - PromisesObjC (1.2.12)
  - SnapKit (5.0.1)
  - Starscream (3.1.1)
  - SVProgressHUD (2.2.5)
  - SwiftDate (6.3.1)
  - SwiftLint (0.43.1)
  - Valet (4.1.1)
  - WalletConnectSwift (1.3.1):
    - CryptoSwift (~> 1.2)
    - Starscream (~> 3.1)

DEPENDENCIES:
  - BetterSegmentedControl (~> 1.3)
  - Charts
  - Firebase/Core
  - Firebase/Crashlytics
  - KeychainAccess
  - lottie-ios
  - Macaroon/Banner (from `https://github.com/Hipo/macaroon.git`, tag `2.12.0`)
  - Macaroon/BottomOverlay (from `https://github.com/Hipo/macaroon.git`, tag `2.12.0`)
  - Macaroon/BottomSheet (from `https://github.com/Hipo/macaroon.git`, tag `2.12.0`)
  - Macaroon/Core (from `https://github.com/Hipo/macaroon.git`, tag `2.12.0`)
  - Macaroon/MediaPicker (from `https://github.com/Hipo/macaroon.git`, tag `2.12.0`)
  - Macaroon/URLImage (from `https://github.com/Hipo/macaroon.git`, tag `2.12.0`)
  - Magpie/HIPAPI (~> 2.0.5)
  - NotificationBannerSwift
  - SnapKit
  - SVProgressHUD
  - SwiftDate
  - SwiftLint
  - WalletConnectSwift

SPEC REPOS:
  trunk:
    - Alamofire
    - BetterSegmentedControl
    - Charts
    - CryptoSwift
    - Firebase
    - FirebaseAnalytics
    - FirebaseCore
    - FirebaseCoreDiagnostics
    - FirebaseCrashlytics
    - FirebaseInstallations
    - GoogleAppMeasurement
    - GoogleDataTransport
    - GoogleUtilities
    - KeychainAccess
    - Kingfisher
    - lottie-ios
    - Magpie
    - MarqueeLabel
    - nanopb
    - NotificationBannerSwift
    - PromisesObjC
    - SnapKit
    - Starscream
    - SVProgressHUD
    - SwiftDate
    - SwiftLint
    - Valet
    - WalletConnectSwift

EXTERNAL SOURCES:
  Macaroon:
    :git: https://github.com/Hipo/macaroon.git
    :tag: 2.12.0

CHECKOUT OPTIONS:
  Macaroon:
    :git: https://github.com/Hipo/macaroon.git
    :tag: 2.12.0

SPEC CHECKSUMS:
  Alamofire: 2291f7d21ca607c491dd17642e5d40fdcda0e65c
  BetterSegmentedControl: 85d1b0343a09603b098884d527f550dfc8e6cdd9
  Charts: b1e3a1f5a1c9ba5394438ca3b91bd8c9076310af
  CryptoSwift: 7cc902df1784de3b389a387756c7d710f197730c
  Firebase: d8bd6bd34b4c7ed57bfdd056c66ff5adcdde53ab
  FirebaseAnalytics: 31b1269830dfe16687db3c60b76082c12bd6d527
  FirebaseCore: 0798738ad1ae0fda67e17c7b9081241c431c6859
  FirebaseCoreDiagnostics: 3d36e05da74cb8b7ce30e6594a8f201b982c725c
  FirebaseCrashlytics: 73cfa8d24d573ed1ff648acce3900df39ca32d77
  FirebaseInstallations: 5e777e6640fa060405cc7632447b6c5ca5af4742
  GoogleAppMeasurement: 120eec8803fe65a4a7475fb3d3d59a61d0e1a866
  GoogleDataTransport: b006084b73915a42c28a3466961a4edda3065da6
  GoogleUtilities: e1d9ed4e544fc32a93e00e721400cbc3f377200d
  KeychainAccess: c0c4f7f38f6fc7bbe58f5702e25f7bd2f65abf51
  Kingfisher: a3c03d702433fa6cfedabb2bddbe076fb8f2e902
  lottie-ios: 106e92eaf11fbed0a76590b4cdb9b5ec26123ff7
  Macaroon: 22c469775f6bf16bed6fffdd69b03f3a8e9f470b
  Magpie: 50a82ab4b27defa9b24f44796c9b2b03f3a43110
  MarqueeLabel: 00cc0bcd087111dca575878b3531af980559707d
  nanopb: 59221d7f958fb711001e6a449489542d92ae113e
  NotificationBannerSwift: 7021be2338f8f29cf424b0aca43da462bf9e2a1a
  PromisesObjC: 3113f7f76903778cf4a0586bd1ab89329a0b7b97
  SnapKit: 97b92857e3df3a0c71833cce143274bf6ef8e5eb
  Starscream: 4bb2f9942274833f7b4d296a55504dcfc7edb7b0
  SVProgressHUD: 1428aafac632c1f86f62aa4243ec12008d7a51d6
  SwiftDate: 72d28954e8e1c6c1c0f917ccc8005e4f83c7d4b2
  SwiftLint: 99f82d07b837b942dd563c668de129a03fc3fb52
  Valet: 11ab0e318b7284888a81392e36136563b4af5deb
  WalletConnectSwift: cd5e056cec5a2f44e92b8595199e7f2f9f0bd92d

PODFILE CHECKSUM: 7d0c6b5c6aa11f22816aedf35b6d17fe3c8d6500

COCOAPODS: 1.10.1
